// !$*UTF8*$!
{
	archiveVersion = 1;
	classes = {
	};
	objectVersion = 46;
	objects = {

/* Begin PBXBuildFile section */
		E194A6C61FD73EF900A020DD /* Dungeon Tab.png in Resources */ = {isa = PBXBuildFile; fileRef = E194A6C51FD73EF900A020DD /* Dungeon Tab.png */; };
		E1A07E161FD71E0E005C6024 /* Gemstone.png in Resources */ = {isa = PBXBuildFile; fileRef = E1A07E151FD71E0E005C6024 /* Gemstone.png */; };
		E1A07E181FD71E17005C6024 /* Skull.png in Resources */ = {isa = PBXBuildFile; fileRef = E1A07E171FD71E17005C6024 /* Skull.png */; };
		E1A07E1A1FD72E25005C6024 /* Background.png in Resources */ = {isa = PBXBuildFile; fileRef = E1A07E191FD72E25005C6024 /* Background.png */; };
		E1B510151FD5A910007C0E85 /* Assets in Resources */ = {isa = PBXBuildFile; fileRef = E1B510141FD5A910007C0E85 /* Assets */; };
		E1B510181FD5A94F007C0E85 /* Adventure Tab.png in Resources */ = {isa = PBXBuildFile; fileRef = E1B510171FD5A94F007C0E85 /* Adventure Tab.png */; };
		E1B5101D1FD5A9A3007C0E85 /* Armour upgrade.png in Resources */ = {isa = PBXBuildFile; fileRef = E1B510191FD5A9A3007C0E85 /* Armour upgrade.png */; };
		E1B5101E1FD5A9A3007C0E85 /* Armour upgradex128.png in Resources */ = {isa = PBXBuildFile; fileRef = E1B5101A1FD5A9A3007C0E85 /* Armour upgradex128.png */; };
		E1B5101F1FD5A9A3007C0E85 /* Armour upgradex256.png in Resources */ = {isa = PBXBuildFile; fileRef = E1B5101B1FD5A9A3007C0E85 /* Armour upgradex256.png */; };
		E1B510201FD5A9A3007C0E85 /* Armour upgradex512.png in Resources */ = {isa = PBXBuildFile; fileRef = E1B5101C1FD5A9A3007C0E85 /* Armour upgradex512.png */; };
		E1B510251FD5A9AC007C0E85 /* Attack Upgrade.png in Resources */ = {isa = PBXBuildFile; fileRef = E1B510211FD5A9AC007C0E85 /* Attack Upgrade.png */; };
		E1B510261FD5A9AC007C0E85 /* Attack Upgradex128.png in Resources */ = {isa = PBXBuildFile; fileRef = E1B510221FD5A9AC007C0E85 /* Attack Upgradex128.png */; };
		E1B510271FD5A9AC007C0E85 /* Attack Upgradex256.png in Resources */ = {isa = PBXBuildFile; fileRef = E1B510231FD5A9AC007C0E85 /* Attack Upgradex256.png */; };
		E1B510281FD5A9AC007C0E85 /* Attack Upgradex512.png in Resources */ = {isa = PBXBuildFile; fileRef = E1B510241FD5A9AC007C0E85 /* Attack Upgradex512.png */; };
		E1B5102C1FD5A9B4007C0E85 /* Bad guy.png in Resources */ = {isa = PBXBuildFile; fileRef = E1B510291FD5A9B4007C0E85 /* Bad guy.png */; };
		E1B5102D1FD5A9B4007C0E85 /* Bad guyx256.png in Resources */ = {isa = PBXBuildFile; fileRef = E1B5102A1FD5A9B4007C0E85 /* Bad guyx256.png */; };
		E1B5102E1FD5A9B4007C0E85 /* Bad guyx512.png in Resources */ = {isa = PBXBuildFile; fileRef = E1B5102B1FD5A9B4007C0E85 /* Bad guyx512.png */; };
		E1B510331FD5A9BC007C0E85 /* Chest.png in Resources */ = {isa = PBXBuildFile; fileRef = E1B5102F1FD5A9BC007C0E85 /* Chest.png */; };
		E1B510341FD5A9BC007C0E85 /* Chestx128.png in Resources */ = {isa = PBXBuildFile; fileRef = E1B510301FD5A9BC007C0E85 /* Chestx128.png */; };
		E1B510351FD5A9BC007C0E85 /* Chestx256.png in Resources */ = {isa = PBXBuildFile; fileRef = E1B510311FD5A9BC007C0E85 /* Chestx256.png */; };
		E1B510361FD5A9BC007C0E85 /* Chestx512.png in Resources */ = {isa = PBXBuildFile; fileRef = E1B510321FD5A9BC007C0E85 /* Chestx512.png */; };
		E1B5103B1FD5A9C5007C0E85 /* Door.png in Resources */ = {isa = PBXBuildFile; fileRef = E1B510371FD5A9C5007C0E85 /* Door.png */; };
		E1B5103C1FD5A9C5007C0E85 /* Doorx128.png in Resources */ = {isa = PBXBuildFile; fileRef = E1B510381FD5A9C5007C0E85 /* Doorx128.png */; };
		E1B5103D1FD5A9C5007C0E85 /* Doorx256.png in Resources */ = {isa = PBXBuildFile; fileRef = E1B510391FD5A9C5007C0E85 /* Doorx256.png */; };
		E1B5103E1FD5A9C5007C0E85 /* Doorx512.png in Resources */ = {isa = PBXBuildFile; fileRef = E1B5103A1FD5A9C5007C0E85 /* Doorx512.png */; };
		E1B510411FD5A9CD007C0E85 /* GAME OVER.png in Resources */ = {isa = PBXBuildFile; fileRef = E1B5103F1FD5A9CD007C0E85 /* GAME OVER.png */; };
		E1B510421FD5A9CD007C0E85 /* GAME OVERx512.png in Resources */ = {isa = PBXBuildFile; fileRef = E1B510401FD5A9CD007C0E85 /* GAME OVERx512.png */; };
		E1B510471FD5A9DD007C0E85 /* Health Potion.png in Resources */ = {isa = PBXBuildFile; fileRef = E1B510431FD5A9DD007C0E85 /* Health Potion.png */; };
		E1B510481FD5A9DD007C0E85 /* Health Potionx128.png in Resources */ = {isa = PBXBuildFile; fileRef = E1B510441FD5A9DD007C0E85 /* Health Potionx128.png */; };
		E1B510491FD5A9DD007C0E85 /* Health Potionx256.png in Resources */ = {isa = PBXBuildFile; fileRef = E1B510451FD5A9DD007C0E85 /* Health Potionx256.png */; };
		E1B5104A1FD5A9DD007C0E85 /* Health Potionx512.png in Resources */ = {isa = PBXBuildFile; fileRef = E1B510461FD5A9DD007C0E85 /* Health Potionx512.png */; };
		E1B5104F1FD5A9EA007C0E85 /* Mimic.png in Resources */ = {isa = PBXBuildFile; fileRef = E1B5104B1FD5A9EA007C0E85 /* Mimic.png */; };
		E1B510501FD5A9EA007C0E85 /* Mimicx128.png in Resources */ = {isa = PBXBuildFile; fileRef = E1B5104C1FD5A9EA007C0E85 /* Mimicx128.png */; };
		E1B510511FD5A9EA007C0E85 /* Mimicx256.png in Resources */ = {isa = PBXBuildFile; fileRef = E1B5104D1FD5A9EA007C0E85 /* Mimicx256.png */; };
		E1B510521FD5A9EA007C0E85 /* Mimicx512.png in Resources */ = {isa = PBXBuildFile; fileRef = E1B5104E1FD5A9EA007C0E85 /* Mimicx512.png */; };
		E1B510551FD5A9F2007C0E85 /* Shop image.png in Resources */ = {isa = PBXBuildFile; fileRef = E1B510531FD5A9F2007C0E85 /* Shop image.png */; };
		E1B510561FD5A9F2007C0E85 /* Shop tab.png in Resources */ = {isa = PBXBuildFile; fileRef = E1B510541FD5A9F2007C0E85 /* Shop tab.png */; };
		E1B5105A1FD5A9FB007C0E85 /* Start Button x128.png in Resources */ = {isa = PBXBuildFile; fileRef = E1B510571FD5A9FB007C0E85 /* Start Button x128.png */; };
		E1B5105B1FD5A9FB007C0E85 /* Start Button.png in Resources */ = {isa = PBXBuildFile; fileRef = E1B510581FD5A9FB007C0E85 /* Start Button.png */; };
		E1B5105C1FD5A9FB007C0E85 /* Start Buttonx256.png in Resources */ = {isa = PBXBuildFile; fileRef = E1B510591FD5A9FB007C0E85 /* Start Buttonx256.png */; };
		E1B510601FD5AA07007C0E85 /* Title Bar x128.png in Resources */ = {isa = PBXBuildFile; fileRef = E1B5105D1FD5AA07007C0E85 /* Title Bar x128.png */; };
		E1B510611FD5AA07007C0E85 /* Title Bar x256.png in Resources */ = {isa = PBXBuildFile; fileRef = E1B5105E1FD5AA07007C0E85 /* Title Bar x256.png */; };
		E1B510621FD5AA07007C0E85 /* Title Bar.png in Resources */ = {isa = PBXBuildFile; fileRef = E1B5105F1FD5AA07007C0E85 /* Title Bar.png */; };
		E1B510661FD5AA4F007C0E85 /* Torch.png in Resources */ = {isa = PBXBuildFile; fileRef = E1B510631FD5AA4F007C0E85 /* Torch.png */; };
		E1B510671FD5AA4F007C0E85 /* Torch2x.png in Resources */ = {isa = PBXBuildFile; fileRef = E1B510641FD5AA4F007C0E85 /* Torch2x.png */; };
		E1B510681FD5AA4F007C0E85 /* Torch4x.png in Resources */ = {isa = PBXBuildFile; fileRef = E1B510651FD5AA4F007C0E85 /* Torch4x.png */; };
		E1B5106B1FD5BCA6007C0E85 /* SaveData.m in Sources */ = {isa = PBXBuildFile; fileRef = E1B5106A1FD5BCA6007C0E85 /* SaveData.m */; };
		E1DA93B11FC47E380058DD9B /* main.m in Sources */ = {isa = PBXBuildFile; fileRef = E1DA93B01FC47E380058DD9B /* main.m */; };
		E1DA93B41FC47E380058DD9B /* AppDelegate.m in Sources */ = {isa = PBXBuildFile; fileRef = E1DA93B31FC47E380058DD9B /* AppDelegate.m */; };
		E1DA93B71FC47E380058DD9B /* ShopViewController.m in Sources */ = {isa = PBXBuildFile; fileRef = E1DA93B61FC47E380058DD9B /* ShopViewController.m */; };
		E1DA93BA1FC47E380058DD9B /* GameViewController.m in Sources */ = {isa = PBXBuildFile; fileRef = E1DA93B91FC47E380058DD9B /* GameViewController.m */; };
		E1DA93BD1FC47E380058DD9B /* Main.storyboard in Resources */ = {isa = PBXBuildFile; fileRef = E1DA93BB1FC47E380058DD9B /* Main.storyboard */; };
		E1DA93BF1FC47E380058DD9B /* Assets.xcassets in Resources */ = {isa = PBXBuildFile; fileRef = E1DA93BE1FC47E380058DD9B /* Assets.xcassets */; };
		E1DA93C21FC47E380058DD9B /* LaunchScreen.storyboard in Resources */ = {isa = PBXBuildFile; fileRef = E1DA93C01FC47E380058DD9B /* LaunchScreen.storyboard */; };
		E1DA93CD1FC47E380058DD9B /* ProjectTests.m in Sources */ = {isa = PBXBuildFile; fileRef = E1DA93CC1FC47E380058DD9B /* ProjectTests.m */; };
		E1DA93D81FC47E380058DD9B /* ProjectUITests.m in Sources */ = {isa = PBXBuildFile; fileRef = E1DA93D71FC47E380058DD9B /* ProjectUITests.m */; };
		E1DA93E71FC480690058DD9B /* MenuController.m in Sources */ = {isa = PBXBuildFile; fileRef = E1DA93E61FC480690058DD9B /* MenuController.m */; };
		E1DA93EA1FC4848F0058DD9B /* PlayerData.m in Sources */ = {isa = PBXBuildFile; fileRef = E1DA93E91FC4848F0058DD9B /* PlayerData.m */; };
/* End PBXBuildFile section */

/* Begin PBXContainerItemProxy section */
		E1DA93C91FC47E380058DD9B /* PBXContainerItemProxy */ = {
			isa = PBXContainerItemProxy;
			containerPortal = E1DA93A41FC47E380058DD9B /* Project object */;
			proxyType = 1;
			remoteGlobalIDString = E1DA93AB1FC47E380058DD9B;
			remoteInfo = Project;
		};
		E1DA93D41FC47E380058DD9B /* PBXContainerItemProxy */ = {
			isa = PBXContainerItemProxy;
			containerPortal = E1DA93A41FC47E380058DD9B /* Project object */;
			proxyType = 1;
			remoteGlobalIDString = E1DA93AB1FC47E380058DD9B;
			remoteInfo = Project;
		};
/* End PBXContainerItemProxy section */

/* Begin PBXFileReference section */
		E194A6C51FD73EF900A020DD /* Dungeon Tab.png */ = {isa = PBXFileReference; lastKnownFileType = image.png; path = "Dungeon Tab.png"; sourceTree = "<group>"; };
		E1A07E151FD71E0E005C6024 /* Gemstone.png */ = {isa = PBXFileReference; lastKnownFileType = image.png; path = Gemstone.png; sourceTree = "<group>"; };
		E1A07E171FD71E17005C6024 /* Skull.png */ = {isa = PBXFileReference; lastKnownFileType = image.png; path = Skull.png; sourceTree = "<group>"; };
		E1A07E191FD72E25005C6024 /* Background.png */ = {isa = PBXFileReference; lastKnownFileType = image.png; path = Background.png; sourceTree = "<group>"; };
		E1B510141FD5A910007C0E85 /* Assets */ = {isa = PBXFileReference; lastKnownFileType = folder; path = Assets; sourceTree = "<group>"; };
		E1B510171FD5A94F007C0E85 /* Adventure Tab.png */ = {isa = PBXFileReference; lastKnownFileType = image.png; name = "Adventure Tab.png"; path = "Assets/Adventure Tab.png"; sourceTree = "<group>"; };
		E1B510191FD5A9A3007C0E85 /* Armour upgrade.png */ = {isa = PBXFileReference; lastKnownFileType = image.png; name = "Armour upgrade.png"; path = "Assets/Armour Upgrade/Armour upgrade.png"; sourceTree = "<group>"; };
		E1B5101A1FD5A9A3007C0E85 /* Armour upgradex128.png */ = {isa = PBXFileReference; lastKnownFileType = image.png; name = "Armour upgradex128.png"; path = "Assets/Armour Upgrade/Armour upgradex128.png"; sourceTree = "<group>"; };
		E1B5101B1FD5A9A3007C0E85 /* Armour upgradex256.png */ = {isa = PBXFileReference; lastKnownFileType = image.png; name = "Armour upgradex256.png"; path = "Assets/Armour Upgrade/Armour upgradex256.png"; sourceTree = "<group>"; };
		E1B5101C1FD5A9A3007C0E85 /* Armour upgradex512.png */ = {isa = PBXFileReference; lastKnownFileType = image.png; name = "Armour upgradex512.png"; path = "Assets/Armour Upgrade/Armour upgradex512.png"; sourceTree = "<group>"; };
		E1B510211FD5A9AC007C0E85 /* Attack Upgrade.png */ = {isa = PBXFileReference; lastKnownFileType = image.png; name = "Attack Upgrade.png"; path = "Assets/Attack Upgrade/Attack Upgrade.png"; sourceTree = "<group>"; };
		E1B510221FD5A9AC007C0E85 /* Attack Upgradex128.png */ = {isa = PBXFileReference; lastKnownFileType = image.png; name = "Attack Upgradex128.png"; path = "Assets/Attack Upgrade/Attack Upgradex128.png"; sourceTree = "<group>"; };
		E1B510231FD5A9AC007C0E85 /* Attack Upgradex256.png */ = {isa = PBXFileReference; lastKnownFileType = image.png; name = "Attack Upgradex256.png"; path = "Assets/Attack Upgrade/Attack Upgradex256.png"; sourceTree = "<group>"; };
		E1B510241FD5A9AC007C0E85 /* Attack Upgradex512.png */ = {isa = PBXFileReference; lastKnownFileType = image.png; name = "Attack Upgradex512.png"; path = "Assets/Attack Upgrade/Attack Upgradex512.png"; sourceTree = "<group>"; };
		E1B510291FD5A9B4007C0E85 /* Bad guy.png */ = {isa = PBXFileReference; lastKnownFileType = image.png; name = "Bad guy.png"; path = "Assets/Bad Guy/Bad guy.png"; sourceTree = "<group>"; };
		E1B5102A1FD5A9B4007C0E85 /* Bad guyx256.png */ = {isa = PBXFileReference; lastKnownFileType = image.png; name = "Bad guyx256.png"; path = "Assets/Bad Guy/Bad guyx256.png"; sourceTree = "<group>"; };
		E1B5102B1FD5A9B4007C0E85 /* Bad guyx512.png */ = {isa = PBXFileReference; lastKnownFileType = image.png; name = "Bad guyx512.png"; path = "Assets/Bad Guy/Bad guyx512.png"; sourceTree = "<group>"; };
		E1B5102F1FD5A9BC007C0E85 /* Chest.png */ = {isa = PBXFileReference; lastKnownFileType = image.png; name = Chest.png; path = Assets/Chest/Chest.png; sourceTree = "<group>"; };
		E1B510301FD5A9BC007C0E85 /* Chestx128.png */ = {isa = PBXFileReference; lastKnownFileType = image.png; name = Chestx128.png; path = Assets/Chest/Chestx128.png; sourceTree = "<group>"; };
		E1B510311FD5A9BC007C0E85 /* Chestx256.png */ = {isa = PBXFileReference; lastKnownFileType = image.png; name = Chestx256.png; path = Assets/Chest/Chestx256.png; sourceTree = "<group>"; };
		E1B510321FD5A9BC007C0E85 /* Chestx512.png */ = {isa = PBXFileReference; lastKnownFileType = image.png; name = Chestx512.png; path = Assets/Chest/Chestx512.png; sourceTree = "<group>"; };
		E1B510371FD5A9C5007C0E85 /* Door.png */ = {isa = PBXFileReference; lastKnownFileType = image.png; name = Door.png; path = Assets/Door/Door.png; sourceTree = "<group>"; };
		E1B510381FD5A9C5007C0E85 /* Doorx128.png */ = {isa = PBXFileReference; lastKnownFileType = image.png; name = Doorx128.png; path = Assets/Door/Doorx128.png; sourceTree = "<group>"; };
		E1B510391FD5A9C5007C0E85 /* Doorx256.png */ = {isa = PBXFileReference; lastKnownFileType = image.png; name = Doorx256.png; path = Assets/Door/Doorx256.png; sourceTree = "<group>"; };
		E1B5103A1FD5A9C5007C0E85 /* Doorx512.png */ = {isa = PBXFileReference; lastKnownFileType = image.png; name = Doorx512.png; path = Assets/Door/Doorx512.png; sourceTree = "<group>"; };
		E1B5103F1FD5A9CD007C0E85 /* GAME OVER.png */ = {isa = PBXFileReference; lastKnownFileType = image.png; name = "GAME OVER.png"; path = "Assets/GAME OVER/GAME OVER.png"; sourceTree = "<group>"; };
		E1B510401FD5A9CD007C0E85 /* GAME OVERx512.png */ = {isa = PBXFileReference; lastKnownFileType = image.png; name = "GAME OVERx512.png"; path = "Assets/GAME OVER/GAME OVERx512.png"; sourceTree = "<group>"; };
		E1B510431FD5A9DD007C0E85 /* Health Potion.png */ = {isa = PBXFileReference; lastKnownFileType = image.png; name = "Health Potion.png"; path = "Assets/Health Potion/Health Potion.png"; sourceTree = "<group>"; };
		E1B510441FD5A9DD007C0E85 /* Health Potionx128.png */ = {isa = PBXFileReference; lastKnownFileType = image.png; name = "Health Potionx128.png"; path = "Assets/Health Potion/Health Potionx128.png"; sourceTree = "<group>"; };
		E1B510451FD5A9DD007C0E85 /* Health Potionx256.png */ = {isa = PBXFileReference; lastKnownFileType = image.png; name = "Health Potionx256.png"; path = "Assets/Health Potion/Health Potionx256.png"; sourceTree = "<group>"; };
		E1B510461FD5A9DD007C0E85 /* Health Potionx512.png */ = {isa = PBXFileReference; lastKnownFileType = image.png; name = "Health Potionx512.png"; path = "Assets/Health Potion/Health Potionx512.png"; sourceTree = "<group>"; };
		E1B5104B1FD5A9EA007C0E85 /* Mimic.png */ = {isa = PBXFileReference; lastKnownFileType = image.png; name = Mimic.png; path = Assets/Mimic/Mimic.png; sourceTree = "<group>"; };
		E1B5104C1FD5A9EA007C0E85 /* Mimicx128.png */ = {isa = PBXFileReference; lastKnownFileType = image.png; name = Mimicx128.png; path = Assets/Mimic/Mimicx128.png; sourceTree = "<group>"; };
		E1B5104D1FD5A9EA007C0E85 /* Mimicx256.png */ = {isa = PBXFileReference; lastKnownFileType = image.png; name = Mimicx256.png; path = Assets/Mimic/Mimicx256.png; sourceTree = "<group>"; };
		E1B5104E1FD5A9EA007C0E85 /* Mimicx512.png */ = {isa = PBXFileReference; lastKnownFileType = image.png; name = Mimicx512.png; path = Assets/Mimic/Mimicx512.png; sourceTree = "<group>"; };
		E1B510531FD5A9F2007C0E85 /* Shop image.png */ = {isa = PBXFileReference; lastKnownFileType = image.png; name = "Shop image.png"; path = "Assets/Shop image.png"; sourceTree = "<group>"; };
		E1B510541FD5A9F2007C0E85 /* Shop tab.png */ = {isa = PBXFileReference; lastKnownFileType = image.png; name = "Shop tab.png"; path = "Assets/Shop tab.png"; sourceTree = "<group>"; };
		E1B510571FD5A9FB007C0E85 /* Start Button x128.png */ = {isa = PBXFileReference; lastKnownFileType = image.png; name = "Start Button x128.png"; path = "Assets/Start Button/Start Button x128.png"; sourceTree = "<group>"; };
		E1B510581FD5A9FB007C0E85 /* Start Button.png */ = {isa = PBXFileReference; lastKnownFileType = image.png; name = "Start Button.png"; path = "Assets/Start Button/Start Button.png"; sourceTree = "<group>"; };
		E1B510591FD5A9FB007C0E85 /* Start Buttonx256.png */ = {isa = PBXFileReference; lastKnownFileType = image.png; name = "Start Buttonx256.png"; path = "Assets/Start Button/Start Buttonx256.png"; sourceTree = "<group>"; };
		E1B5105D1FD5AA07007C0E85 /* Title Bar x128.png */ = {isa = PBXFileReference; lastKnownFileType = image.png; name = "Title Bar x128.png"; path = "Assets/Title Bar/Title Bar x128.png"; sourceTree = "<group>"; };
		E1B5105E1FD5AA07007C0E85 /* Title Bar x256.png */ = {isa = PBXFileReference; lastKnownFileType = image.png; name = "Title Bar x256.png"; path = "Assets/Title Bar/Title Bar x256.png"; sourceTree = "<group>"; };
		E1B5105F1FD5AA07007C0E85 /* Title Bar.png */ = {isa = PBXFileReference; lastKnownFileType = image.png; name = "Title Bar.png"; path = "Assets/Title Bar/Title Bar.png"; sourceTree = "<group>"; };
		E1B510631FD5AA4F007C0E85 /* Torch.png */ = {isa = PBXFileReference; lastKnownFileType = image.png; name = Torch.png; path = Assets/Torch/Torch.png; sourceTree = "<group>"; };
		E1B510641FD5AA4F007C0E85 /* Torch2x.png */ = {isa = PBXFileReference; lastKnownFileType = image.png; name = Torch2x.png; path = Assets/Torch/Torch2x.png; sourceTree = "<group>"; };
		E1B510651FD5AA4F007C0E85 /* Torch4x.png */ = {isa = PBXFileReference; lastKnownFileType = image.png; name = Torch4x.png; path = Assets/Torch/Torch4x.png; sourceTree = "<group>"; };
		E1B510691FD5BCA6007C0E85 /* SaveData.h */ = {isa = PBXFileReference; fileEncoding = 4; lastKnownFileType = sourcecode.c.h; path = SaveData.h; sourceTree = "<group>"; };
		E1B5106A1FD5BCA6007C0E85 /* SaveData.m */ = {isa = PBXFileReference; fileEncoding = 4; lastKnownFileType = sourcecode.c.objc; path = SaveData.m; sourceTree = "<group>"; };
		E1DA93AC1FC47E380058DD9B /* Project.app */ = {isa = PBXFileReference; explicitFileType = wrapper.application; includeInIndex = 0; path = Project.app; sourceTree = BUILT_PRODUCTS_DIR; };
		E1DA93B01FC47E380058DD9B /* main.m */ = {isa = PBXFileReference; lastKnownFileType = sourcecode.c.objc; path = main.m; sourceTree = "<group>"; };
		E1DA93B21FC47E380058DD9B /* AppDelegate.h */ = {isa = PBXFileReference; lastKnownFileType = sourcecode.c.h; path = AppDelegate.h; sourceTree = "<group>"; };
		E1DA93B31FC47E380058DD9B /* AppDelegate.m */ = {isa = PBXFileReference; lastKnownFileType = sourcecode.c.objc; path = AppDelegate.m; sourceTree = "<group>"; };
		E1DA93B51FC47E380058DD9B /* ShopViewController.h */ = {isa = PBXFileReference; lastKnownFileType = sourcecode.c.h; path = ShopViewController.h; sourceTree = "<group>"; };
		E1DA93B61FC47E380058DD9B /* ShopViewController.m */ = {isa = PBXFileReference; lastKnownFileType = sourcecode.c.objc; path = ShopViewController.m; sourceTree = "<group>"; };
		E1DA93B81FC47E380058DD9B /* GameViewController.h */ = {isa = PBXFileReference; lastKnownFileType = sourcecode.c.h; path = GameViewController.h; sourceTree = "<group>"; };
		E1DA93B91FC47E380058DD9B /* GameViewController.m */ = {isa = PBXFileReference; lastKnownFileType = sourcecode.c.objc; path = GameViewController.m; sourceTree = "<group>"; };
		E1DA93BC1FC47E380058DD9B /* Base */ = {isa = PBXFileReference; lastKnownFileType = file.storyboard; name = Base; path = Base.lproj/Main.storyboard; sourceTree = "<group>"; };
		E1DA93BE1FC47E380058DD9B /* Assets.xcassets */ = {isa = PBXFileReference; lastKnownFileType = folder.assetcatalog; path = Assets.xcassets; sourceTree = "<group>"; };
		E1DA93C11FC47E380058DD9B /* Base */ = {isa = PBXFileReference; lastKnownFileType = file.storyboard; name = Base; path = Base.lproj/LaunchScreen.storyboard; sourceTree = "<group>"; };
		E1DA93C31FC47E380058DD9B /* Info.plist */ = {isa = PBXFileReference; lastKnownFileType = text.plist.xml; path = Info.plist; sourceTree = "<group>"; };
		E1DA93C81FC47E380058DD9B /* ProjectTests.xctest */ = {isa = PBXFileReference; explicitFileType = wrapper.cfbundle; includeInIndex = 0; path = ProjectTests.xctest; sourceTree = BUILT_PRODUCTS_DIR; };
		E1DA93CC1FC47E380058DD9B /* ProjectTests.m */ = {isa = PBXFileReference; lastKnownFileType = sourcecode.c.objc; path = ProjectTests.m; sourceTree = "<group>"; };
		E1DA93CE1FC47E380058DD9B /* Info.plist */ = {isa = PBXFileReference; lastKnownFileType = text.plist.xml; path = Info.plist; sourceTree = "<group>"; };
		E1DA93D31FC47E380058DD9B /* ProjectUITests.xctest */ = {isa = PBXFileReference; explicitFileType = wrapper.cfbundle; includeInIndex = 0; path = ProjectUITests.xctest; sourceTree = BUILT_PRODUCTS_DIR; };
		E1DA93D71FC47E380058DD9B /* ProjectUITests.m */ = {isa = PBXFileReference; lastKnownFileType = sourcecode.c.objc; path = ProjectUITests.m; sourceTree = "<group>"; };
		E1DA93D91FC47E380058DD9B /* Info.plist */ = {isa = PBXFileReference; lastKnownFileType = text.plist.xml; path = Info.plist; sourceTree = "<group>"; };
		E1DA93E51FC480690058DD9B /* MenuController.h */ = {isa = PBXFileReference; fileEncoding = 4; lastKnownFileType = sourcecode.c.h; path = MenuController.h; sourceTree = "<group>"; };
		E1DA93E61FC480690058DD9B /* MenuController.m */ = {isa = PBXFileReference; fileEncoding = 4; lastKnownFileType = sourcecode.c.objc; path = MenuController.m; sourceTree = "<group>"; };
		E1DA93E81FC4848F0058DD9B /* PlayerData.h */ = {isa = PBXFileReference; fileEncoding = 4; lastKnownFileType = sourcecode.c.h; path = PlayerData.h; sourceTree = "<group>"; };
		E1DA93E91FC4848F0058DD9B /* PlayerData.m */ = {isa = PBXFileReference; fileEncoding = 4; lastKnownFileType = sourcecode.c.objc; path = PlayerData.m; sourceTree = "<group>"; };
/* End PBXFileReference section */

/* Begin PBXFrameworksBuildPhase section */
		E1DA93A91FC47E380058DD9B /* Frameworks */ = {
			isa = PBXFrameworksBuildPhase;
			buildActionMask = 2147483647;
			files = (
			);
			runOnlyForDeploymentPostprocessing = 0;
		};
		E1DA93C51FC47E380058DD9B /* Frameworks */ = {
			isa = PBXFrameworksBuildPhase;
			buildActionMask = 2147483647;
			files = (
			);
			runOnlyForDeploymentPostprocessing = 0;
		};
		E1DA93D01FC47E380058DD9B /* Frameworks */ = {
			isa = PBXFrameworksBuildPhase;
			buildActionMask = 2147483647;
			files = (
			);
			runOnlyForDeploymentPostprocessing = 0;
		};
/* End PBXFrameworksBuildPhase section */

/* Begin PBXGroup section */
		E1B510161FD5A941007C0E85 /* Assets */ = {
			isa = PBXGroup;
			children = (
				E194A6C51FD73EF900A020DD /* Dungeon Tab.png */,
				E1A07E191FD72E25005C6024 /* Background.png */,
				E1A07E151FD71E0E005C6024 /* Gemstone.png */,
				E1A07E171FD71E17005C6024 /* Skull.png */,
				E1B510171FD5A94F007C0E85 /* Adventure Tab.png */,
				E1B510191FD5A9A3007C0E85 /* Armour upgrade.png */,
				E1B5101A1FD5A9A3007C0E85 /* Armour upgradex128.png */,
				E1B5101B1FD5A9A3007C0E85 /* Armour upgradex256.png */,
				E1B5101C1FD5A9A3007C0E85 /* Armour upgradex512.png */,
				E1B510211FD5A9AC007C0E85 /* Attack Upgrade.png */,
				E1B510221FD5A9AC007C0E85 /* Attack Upgradex128.png */,
				E1B510231FD5A9AC007C0E85 /* Attack Upgradex256.png */,
				E1B510241FD5A9AC007C0E85 /* Attack Upgradex512.png */,
				E1B510291FD5A9B4007C0E85 /* Bad guy.png */,
				E1B5102A1FD5A9B4007C0E85 /* Bad guyx256.png */,
				E1B5102B1FD5A9B4007C0E85 /* Bad guyx512.png */,
				E1B5102F1FD5A9BC007C0E85 /* Chest.png */,
				E1B510301FD5A9BC007C0E85 /* Chestx128.png */,
				E1B510311FD5A9BC007C0E85 /* Chestx256.png */,
				E1B510321FD5A9BC007C0E85 /* Chestx512.png */,
				E1B510371FD5A9C5007C0E85 /* Door.png */,
				E1B510381FD5A9C5007C0E85 /* Doorx128.png */,
				E1B510391FD5A9C5007C0E85 /* Doorx256.png */,
				E1B5103A1FD5A9C5007C0E85 /* Doorx512.png */,
				E1B5103F1FD5A9CD007C0E85 /* GAME OVER.png */,
				E1B510401FD5A9CD007C0E85 /* GAME OVERx512.png */,
				E1B510431FD5A9DD007C0E85 /* Health Potion.png */,
				E1B510441FD5A9DD007C0E85 /* Health Potionx128.png */,
				E1B510451FD5A9DD007C0E85 /* Health Potionx256.png */,
				E1B510461FD5A9DD007C0E85 /* Health Potionx512.png */,
				E1B5104B1FD5A9EA007C0E85 /* Mimic.png */,
				E1B5104C1FD5A9EA007C0E85 /* Mimicx128.png */,
				E1B5104D1FD5A9EA007C0E85 /* Mimicx256.png */,
				E1B5104E1FD5A9EA007C0E85 /* Mimicx512.png */,
				E1B510531FD5A9F2007C0E85 /* Shop image.png */,
				E1B510541FD5A9F2007C0E85 /* Shop tab.png */,
				E1B510571FD5A9FB007C0E85 /* Start Button x128.png */,
				E1B510581FD5A9FB007C0E85 /* Start Button.png */,
				E1B510591FD5A9FB007C0E85 /* Start Buttonx256.png */,
				E1B5105D1FD5AA07007C0E85 /* Title Bar x128.png */,
				E1B5105E1FD5AA07007C0E85 /* Title Bar x256.png */,
				E1B5105F1FD5AA07007C0E85 /* Title Bar.png */,
				E1B510631FD5AA4F007C0E85 /* Torch.png */,
				E1B510641FD5AA4F007C0E85 /* Torch2x.png */,
				E1B510651FD5AA4F007C0E85 /* Torch4x.png */,
			);
			name = Assets;
			sourceTree = "<group>";
		};
		E1DA93A31FC47E380058DD9B = {
			isa = PBXGroup;
			children = (
				E1DA93AE1FC47E380058DD9B /* Project */,
				E1DA93CB1FC47E380058DD9B /* ProjectTests */,
				E1DA93D61FC47E380058DD9B /* ProjectUITests */,
				E1DA93AD1FC47E380058DD9B /* Products */,
			);
			sourceTree = "<group>";
		};
		E1DA93AD1FC47E380058DD9B /* Products */ = {
			isa = PBXGroup;
			children = (
				E1DA93AC1FC47E380058DD9B /* Project.app */,
				E1DA93C81FC47E380058DD9B /* ProjectTests.xctest */,
				E1DA93D31FC47E380058DD9B /* ProjectUITests.xctest */,
			);
			name = Products;
			sourceTree = "<group>";
		};
		E1DA93AE1FC47E380058DD9B /* Project */ = {
			isa = PBXGroup;
			children = (
				E1B510161FD5A941007C0E85 /* Assets */,
				E1DA93B21FC47E380058DD9B /* AppDelegate.h */,
				E1DA93B31FC47E380058DD9B /* AppDelegate.m */,
				E1DA93B51FC47E380058DD9B /* ShopViewController.h */,
				E1DA93B61FC47E380058DD9B /* ShopViewController.m */,
				E1DA93B81FC47E380058DD9B /* GameViewController.h */,
				E1DA93B91FC47E380058DD9B /* GameViewController.m */,
				E1DA93BB1FC47E380058DD9B /* Main.storyboard */,
				E1B510691FD5BCA6007C0E85 /* SaveData.h */,
				E1B5106A1FD5BCA6007C0E85 /* SaveData.m */,
				E1DA93E81FC4848F0058DD9B /* PlayerData.h */,
				E1DA93E91FC4848F0058DD9B /* PlayerData.m */,
				E1DA93E51FC480690058DD9B /* MenuController.h */,
				E1DA93E61FC480690058DD9B /* MenuController.m */,
				E1B510141FD5A910007C0E85 /* Assets */,
				E1DA93BE1FC47E380058DD9B /* Assets.xcassets */,
				E1DA93C01FC47E380058DD9B /* LaunchScreen.storyboard */,
				E1DA93C31FC47E380058DD9B /* Info.plist */,
				E1DA93AF1FC47E380058DD9B /* Supporting Files */,
			);
			path = Project;
			sourceTree = "<group>";
		};
		E1DA93AF1FC47E380058DD9B /* Supporting Files */ = {
			isa = PBXGroup;
			children = (
				E1DA93B01FC47E380058DD9B /* main.m */,
			);
			name = "Supporting Files";
			sourceTree = "<group>";
		};
		E1DA93CB1FC47E380058DD9B /* ProjectTests */ = {
			isa = PBXGroup;
			children = (
				E1DA93CC1FC47E380058DD9B /* ProjectTests.m */,
				E1DA93CE1FC47E380058DD9B /* Info.plist */,
			);
			path = ProjectTests;
			sourceTree = "<group>";
		};
		E1DA93D61FC47E380058DD9B /* ProjectUITests */ = {
			isa = PBXGroup;
			children = (
				E1DA93D71FC47E380058DD9B /* ProjectUITests.m */,
				E1DA93D91FC47E380058DD9B /* Info.plist */,
			);
			path = ProjectUITests;
			sourceTree = "<group>";
		};
/* End PBXGroup section */

/* Begin PBXNativeTarget section */
		E1DA93AB1FC47E380058DD9B /* Project */ = {
			isa = PBXNativeTarget;
			buildConfigurationList = E1DA93DC1FC47E380058DD9B /* Build configuration list for PBXNativeTarget "Project" */;
			buildPhases = (
				E1DA93A81FC47E380058DD9B /* Sources */,
				E1DA93A91FC47E380058DD9B /* Frameworks */,
				E1DA93AA1FC47E380058DD9B /* Resources */,
			);
			buildRules = (
			);
			dependencies = (
			);
			name = Project;
			productName = Project;
			productReference = E1DA93AC1FC47E380058DD9B /* Project.app */;
			productType = "com.apple.product-type.application";
		};
		E1DA93C71FC47E380058DD9B /* ProjectTests */ = {
			isa = PBXNativeTarget;
			buildConfigurationList = E1DA93DF1FC47E380058DD9B /* Build configuration list for PBXNativeTarget "ProjectTests" */;
			buildPhases = (
				E1DA93C41FC47E380058DD9B /* Sources */,
				E1DA93C51FC47E380058DD9B /* Frameworks */,
				E1DA93C61FC47E380058DD9B /* Resources */,
			);
			buildRules = (
			);
			dependencies = (
				E1DA93CA1FC47E380058DD9B /* PBXTargetDependency */,
			);
			name = ProjectTests;
			productName = ProjectTests;
			productReference = E1DA93C81FC47E380058DD9B /* ProjectTests.xctest */;
			productType = "com.apple.product-type.bundle.unit-test";
		};
		E1DA93D21FC47E380058DD9B /* ProjectUITests */ = {
			isa = PBXNativeTarget;
			buildConfigurationList = E1DA93E21FC47E380058DD9B /* Build configuration list for PBXNativeTarget "ProjectUITests" */;
			buildPhases = (
				E1DA93CF1FC47E380058DD9B /* Sources */,
				E1DA93D01FC47E380058DD9B /* Frameworks */,
				E1DA93D11FC47E380058DD9B /* Resources */,
			);
			buildRules = (
			);
			dependencies = (
				E1DA93D51FC47E380058DD9B /* PBXTargetDependency */,
			);
			name = ProjectUITests;
			productName = ProjectUITests;
			productReference = E1DA93D31FC47E380058DD9B /* ProjectUITests.xctest */;
			productType = "com.apple.product-type.bundle.ui-testing";
		};
/* End PBXNativeTarget section */

/* Begin PBXProject section */
		E1DA93A41FC47E380058DD9B /* Project object */ = {
			isa = PBXProject;
			attributes = {
				LastUpgradeCheck = 0800;
				ORGANIZATIONNAME = "William Carne [el16wc]";
				TargetAttributes = {
					E1DA93AB1FC47E380058DD9B = {
						CreatedOnToolsVersion = 8.0;
						ProvisioningStyle = Automatic;
					};
					E1DA93C71FC47E380058DD9B = {
						CreatedOnToolsVersion = 8.0;
						ProvisioningStyle = Automatic;
						TestTargetID = E1DA93AB1FC47E380058DD9B;
					};
					E1DA93D21FC47E380058DD9B = {
						CreatedOnToolsVersion = 8.0;
						ProvisioningStyle = Automatic;
						TestTargetID = E1DA93AB1FC47E380058DD9B;
					};
				};
			};
			buildConfigurationList = E1DA93A71FC47E380058DD9B /* Build configuration list for PBXProject "Project" */;
			compatibilityVersion = "Xcode 3.2";
			developmentRegion = English;
			hasScannedForEncodings = 0;
			knownRegions = (
				en,
				Base,
			);
			mainGroup = E1DA93A31FC47E380058DD9B;
			productRefGroup = E1DA93AD1FC47E380058DD9B /* Products */;
			projectDirPath = "";
			projectRoot = "";
			targets = (
				E1DA93AB1FC47E380058DD9B /* Project */,
				E1DA93C71FC47E380058DD9B /* ProjectTests */,
				E1DA93D21FC47E380058DD9B /* ProjectUITests */,
			);
		};
/* End PBXProject section */

/* Begin PBXResourcesBuildPhase section */
		E1DA93AA1FC47E380058DD9B /* Resources */ = {
			isa = PBXResourcesBuildPhase;
			buildActionMask = 2147483647;
			files = (
				E1B510181FD5A94F007C0E85 /* Adventure Tab.png in Resources */,
				E1B5105B1FD5A9FB007C0E85 /* Start Button.png in Resources */,
				E1B5105A1FD5A9FB007C0E85 /* Start Button x128.png in Resources */,
				E1B5102D1FD5A9B4007C0E85 /* Bad guyx256.png in Resources */,
				E1B510501FD5A9EA007C0E85 /* Mimicx128.png in Resources */,
				E1A07E161FD71E0E005C6024 /* Gemstone.png in Resources */,
				E1B510661FD5AA4F007C0E85 /* Torch.png in Resources */,
				E1B510421FD5A9CD007C0E85 /* GAME OVERx512.png in Resources */,
				E1B5103C1FD5A9C5007C0E85 /* Doorx128.png in Resources */,
				E1B510601FD5AA07007C0E85 /* Title Bar x128.png in Resources */,
				E1B510261FD5A9AC007C0E85 /* Attack Upgradex128.png in Resources */,
				E1B510271FD5A9AC007C0E85 /* Attack Upgradex256.png in Resources */,
				E1B510251FD5A9AC007C0E85 /* Attack Upgrade.png in Resources */,
				E1B5101E1FD5A9A3007C0E85 /* Armour upgradex128.png in Resources */,
				E1B510341FD5A9BC007C0E85 /* Chestx128.png in Resources */,
				E1DA93C21FC47E380058DD9B /* LaunchScreen.storyboard in Resources */,
				E1B510151FD5A910007C0E85 /* Assets in Resources */,
				E1B510551FD5A9F2007C0E85 /* Shop image.png in Resources */,
				E1B5103B1FD5A9C5007C0E85 /* Door.png in Resources */,
				E1B510281FD5A9AC007C0E85 /* Attack Upgradex512.png in Resources */,
				E1B5101F1FD5A9A3007C0E85 /* Armour upgradex256.png in Resources */,
				E1B510481FD5A9DD007C0E85 /* Health Potionx128.png in Resources */,
				E1B5101D1FD5A9A3007C0E85 /* Armour upgrade.png in Resources */,
				E1B510511FD5A9EA007C0E85 /* Mimicx256.png in Resources */,
				E1DA93BF1FC47E380058DD9B /* Assets.xcassets in Resources */,
				E1B510621FD5AA07007C0E85 /* Title Bar.png in Resources */,
				E1B5104F1FD5A9EA007C0E85 /* Mimic.png in Resources */,
				E1B510611FD5AA07007C0E85 /* Title Bar x256.png in Resources */,
				E1B510201FD5A9A3007C0E85 /* Armour upgradex512.png in Resources */,
				E1B5105C1FD5A9FB007C0E85 /* Start Buttonx256.png in Resources */,
				E1B510411FD5A9CD007C0E85 /* GAME OVER.png in Resources */,
				E1B5104A1FD5A9DD007C0E85 /* Health Potionx512.png in Resources */,
				E1B510561FD5A9F2007C0E85 /* Shop tab.png in Resources */,
				E1A07E1A1FD72E25005C6024 /* Background.png in Resources */,
				E1B510681FD5AA4F007C0E85 /* Torch4x.png in Resources */,
				E1B510671FD5AA4F007C0E85 /* Torch2x.png in Resources */,
				E1B510331FD5A9BC007C0E85 /* Chest.png in Resources */,
				E1B5103D1FD5A9C5007C0E85 /* Doorx256.png in Resources */,
				E1B510491FD5A9DD007C0E85 /* Health Potionx256.png in Resources */,
				E1B5102C1FD5A9B4007C0E85 /* Bad guy.png in Resources */,
				E1B5103E1FD5A9C5007C0E85 /* Doorx512.png in Resources */,
				E1B5102E1FD5A9B4007C0E85 /* Bad guyx512.png in Resources */,
				E1B510521FD5A9EA007C0E85 /* Mimicx512.png in Resources */,
				E1B510471FD5A9DD007C0E85 /* Health Potion.png in Resources */,
				E1A07E181FD71E17005C6024 /* Skull.png in Resources */,
				E1B510351FD5A9BC007C0E85 /* Chestx256.png in Resources */,
				E194A6C61FD73EF900A020DD /* Dungeon Tab.png in Resources */,
				E1DA93BD1FC47E380058DD9B /* Main.storyboard in Resources */,
				E1B510361FD5A9BC007C0E85 /* Chestx512.png in Resources */,
			);
			runOnlyForDeploymentPostprocessing = 0;
		};
		E1DA93C61FC47E380058DD9B /* Resources */ = {
			isa = PBXResourcesBuildPhase;
			buildActionMask = 2147483647;
			files = (
			);
			runOnlyForDeploymentPostprocessing = 0;
		};
		E1DA93D11FC47E380058DD9B /* Resources */ = {
			isa = PBXResourcesBuildPhase;
			buildActionMask = 2147483647;
			files = (
			);
			runOnlyForDeploymentPostprocessing = 0;
		};
/* End PBXResourcesBuildPhase section */

/* Begin PBXSourcesBuildPhase section */
		E1DA93A81FC47E380058DD9B /* Sources */ = {
			isa = PBXSourcesBuildPhase;
			buildActionMask = 2147483647;
			files = (
				E1DA93BA1FC47E380058DD9B /* GameViewController.m in Sources */,
				E1DA93B41FC47E380058DD9B /* AppDelegate.m in Sources */,
				E1B5106B1FD5BCA6007C0E85 /* SaveData.m in Sources */,
				E1DA93EA1FC4848F0058DD9B /* PlayerData.m in Sources */,
				E1DA93E71FC480690058DD9B /* MenuController.m in Sources */,
				E1DA93B71FC47E380058DD9B /* ShopViewController.m in Sources */,
				E1DA93B11FC47E380058DD9B /* main.m in Sources */,
			);
			runOnlyForDeploymentPostprocessing = 0;
		};
		E1DA93C41FC47E380058DD9B /* Sources */ = {
			isa = PBXSourcesBuildPhase;
			buildActionMask = 2147483647;
			files = (
				E1DA93CD1FC47E380058DD9B /* ProjectTests.m in Sources */,
			);
			runOnlyForDeploymentPostprocessing = 0;
		};
		E1DA93CF1FC47E380058DD9B /* Sources */ = {
			isa = PBXSourcesBuildPhase;
			buildActionMask = 2147483647;
			files = (
				E1DA93D81FC47E380058DD9B /* ProjectUITests.m in Sources */,
			);
			runOnlyForDeploymentPostprocessing = 0;
		};
/* End PBXSourcesBuildPhase section */

/* Begin PBXTargetDependency section */
		E1DA93CA1FC47E380058DD9B /* PBXTargetDependency */ = {
			isa = PBXTargetDependency;
			target = E1DA93AB1FC47E380058DD9B /* Project */;
			targetProxy = E1DA93C91FC47E380058DD9B /* PBXContainerItemProxy */;
		};
		E1DA93D51FC47E380058DD9B /* PBXTargetDependency */ = {
			isa = PBXTargetDependency;
			target = E1DA93AB1FC47E380058DD9B /* Project */;
			targetProxy = E1DA93D41FC47E380058DD9B /* PBXContainerItemProxy */;
		};
/* End PBXTargetDependency section */

/* Begin PBXVariantGroup section */
		E1DA93BB1FC47E380058DD9B /* Main.storyboard */ = {
			isa = PBXVariantGroup;
			children = (
				E1DA93BC1FC47E380058DD9B /* Base */,
			);
			name = Main.storyboard;
			sourceTree = "<group>";
		};
		E1DA93C01FC47E380058DD9B /* LaunchScreen.storyboard */ = {
			isa = PBXVariantGroup;
			children = (
				E1DA93C11FC47E380058DD9B /* Base */,
			);
			name = LaunchScreen.storyboard;
			sourceTree = "<group>";
		};
/* End PBXVariantGroup section */

/* Begin XCBuildConfiguration section */
		E1DA93DA1FC47E380058DD9B /* Debug */ = {
			isa = XCBuildConfiguration;
			buildSettings = {
				ALWAYS_SEARCH_USER_PATHS = NO;
				CLANG_ANALYZER_NONNULL = YES;
				CLANG_CXX_LANGUAGE_STANDARD = "gnu++0x";
				CLANG_CXX_LIBRARY = "libc++";
				CLANG_ENABLE_MODULES = YES;
				CLANG_ENABLE_OBJC_ARC = YES;
				CLANG_WARN_BOOL_CONVERSION = YES;
				CLANG_WARN_CONSTANT_CONVERSION = YES;
				CLANG_WARN_DIRECT_OBJC_ISA_USAGE = YES_ERROR;
				CLANG_WARN_DOCUMENTATION_COMMENTS = YES;
				CLANG_WARN_EMPTY_BODY = YES;
				CLANG_WARN_ENUM_CONVERSION = YES;
				CLANG_WARN_INFINITE_RECURSION = YES;
				CLANG_WARN_INT_CONVERSION = YES;
				CLANG_WARN_OBJC_ROOT_CLASS = YES_ERROR;
				CLANG_WARN_SUSPICIOUS_MOVES = YES;
				CLANG_WARN_UNREACHABLE_CODE = YES;
				CLANG_WARN__DUPLICATE_METHOD_MATCH = YES;
				"CODE_SIGN_IDENTITY[sdk=iphoneos*]" = "iPhone Developer";
				COPY_PHASE_STRIP = NO;
				DEBUG_INFORMATION_FORMAT = dwarf;
				ENABLE_STRICT_OBJC_MSGSEND = YES;
				ENABLE_TESTABILITY = YES;
				GCC_C_LANGUAGE_STANDARD = gnu99;
				GCC_DYNAMIC_NO_PIC = NO;
				GCC_NO_COMMON_BLOCKS = YES;
				GCC_OPTIMIZATION_LEVEL = 0;
				GCC_PREPROCESSOR_DEFINITIONS = (
					"DEBUG=1",
					"$(inherited)",
				);
				GCC_WARN_64_TO_32_BIT_CONVERSION = YES;
				GCC_WARN_ABOUT_RETURN_TYPE = YES_ERROR;
				GCC_WARN_UNDECLARED_SELECTOR = YES;
				GCC_WARN_UNINITIALIZED_AUTOS = YES_AGGRESSIVE;
				GCC_WARN_UNUSED_FUNCTION = YES;
				GCC_WARN_UNUSED_VARIABLE = YES;
				IPHONEOS_DEPLOYMENT_TARGET = 10.0;
				MTL_ENABLE_DEBUG_INFO = YES;
				ONLY_ACTIVE_ARCH = YES;
				SDKROOT = iphoneos;
				TARGETED_DEVICE_FAMILY = "1,2";
			};
			name = Debug;
		};
		E1DA93DB1FC47E380058DD9B /* Release */ = {
			isa = XCBuildConfiguration;
			buildSettings = {
				ALWAYS_SEARCH_USER_PATHS = NO;
				CLANG_ANALYZER_NONNULL = YES;
				CLANG_CXX_LANGUAGE_STANDARD = "gnu++0x";
				CLANG_CXX_LIBRARY = "libc++";
				CLANG_ENABLE_MODULES = YES;
				CLANG_ENABLE_OBJC_ARC = YES;
				CLANG_WARN_BOOL_CONVERSION = YES;
				CLANG_WARN_CONSTANT_CONVERSION = YES;
				CLANG_WARN_DIRECT_OBJC_ISA_USAGE = YES_ERROR;
				CLANG_WARN_DOCUMENTATION_COMMENTS = YES;
				CLANG_WARN_EMPTY_BODY = YES;
				CLANG_WARN_ENUM_CONVERSION = YES;
				CLANG_WARN_INFINITE_RECURSION = YES;
				CLANG_WARN_INT_CONVERSION = YES;
				CLANG_WARN_OBJC_ROOT_CLASS = YES_ERROR;
				CLANG_WARN_SUSPICIOUS_MOVES = YES;
				CLANG_WARN_UNREACHABLE_CODE = YES;
				CLANG_WARN__DUPLICATE_METHOD_MATCH = YES;
				"CODE_SIGN_IDENTITY[sdk=iphoneos*]" = "iPhone Developer";
				COPY_PHASE_STRIP = NO;
				DEBUG_INFORMATION_FORMAT = "dwarf-with-dsym";
				ENABLE_NS_ASSERTIONS = NO;
				ENABLE_STRICT_OBJC_MSGSEND = YES;
				GCC_C_LANGUAGE_STANDARD = gnu99;
				GCC_NO_COMMON_BLOCKS = YES;
				GCC_WARN_64_TO_32_BIT_CONVERSION = YES;
				GCC_WARN_ABOUT_RETURN_TYPE = YES_ERROR;
				GCC_WARN_UNDECLARED_SELECTOR = YES;
				GCC_WARN_UNINITIALIZED_AUTOS = YES_AGGRESSIVE;
				GCC_WARN_UNUSED_FUNCTION = YES;
				GCC_WARN_UNUSED_VARIABLE = YES;
				IPHONEOS_DEPLOYMENT_TARGET = 10.0;
				MTL_ENABLE_DEBUG_INFO = NO;
				SDKROOT = iphoneos;
				TARGETED_DEVICE_FAMILY = "1,2";
				VALIDATE_PRODUCT = YES;
			};
			name = Release;
		};
		E1DA93DD1FC47E380058DD9B /* Debug */ = {
			isa = XCBuildConfiguration;
			buildSettings = {
				ASSETCATALOG_COMPILER_APPICON_NAME = AppIcon;
				INFOPLIST_FILE = Project/Info.plist;
				LD_RUNPATH_SEARCH_PATHS = "$(inherited) @executable_path/Frameworks";
				PRODUCT_BUNDLE_IDENTIFIER = uk.ac.leeds.Project;
				PRODUCT_NAME = "$(TARGET_NAME)";
			};
			name = Debug;
		};
		E1DA93DE1FC47E380058DD9B /* Release */ = {
			isa = XCBuildConfiguration;
			buildSettings = {
				ASSETCATALOG_COMPILER_APPICON_NAME = AppIcon;
				INFOPLIST_FILE = Project/Info.plist;
				LD_RUNPATH_SEARCH_PATHS = "$(inherited) @executable_path/Frameworks";
				PRODUCT_BUNDLE_IDENTIFIER = uk.ac.leeds.Project;
				PRODUCT_NAME = "$(TARGET_NAME)";
			};
			name = Release;
		};
		E1DA93E01FC47E380058DD9B /* Debug */ = {
			isa = XCBuildConfiguration;
			buildSettings = {
				BUNDLE_LOADER = "$(TEST_HOST)";
				INFOPLIST_FILE = ProjectTests/Info.plist;
				LD_RUNPATH_SEARCH_PATHS = "$(inherited) @executable_path/Frameworks @loader_path/Frameworks";
				PRODUCT_BUNDLE_IDENTIFIER = uk.ac.leeds.ProjectTests;
				PRODUCT_NAME = "$(TARGET_NAME)";
				TEST_HOST = "$(BUILT_PRODUCTS_DIR)/Project.app/Project";
			};
			name = Debug;
		};
		E1DA93E11FC47E380058DD9B /* Release */ = {
			isa = XCBuildConfiguration;
			buildSettings = {
				BUNDLE_LOADER = "$(TEST_HOST)";
				INFOPLIST_FILE = ProjectTests/Info.plist;
				LD_RUNPATH_SEARCH_PATHS = "$(inherited) @executable_path/Frameworks @loader_path/Frameworks";
				PRODUCT_BUNDLE_IDENTIFIER = uk.ac.leeds.ProjectTests;
				PRODUCT_NAME = "$(TARGET_NAME)";
				TEST_HOST = "$(BUILT_PRODUCTS_DIR)/Project.app/Project";
			};
			name = Release;
		};
		E1DA93E31FC47E380058DD9B /* Debug */ = {
			isa = XCBuildConfiguration;
			buildSettings = {
				INFOPLIST_FILE = ProjectUITests/Info.plist;
				LD_RUNPATH_SEARCH_PATHS = "$(inherited) @executable_path/Frameworks @loader_path/Frameworks";
				PRODUCT_BUNDLE_IDENTIFIER = uk.ac.leeds.ProjectUITests;
				PRODUCT_NAME = "$(TARGET_NAME)";
				TEST_TARGET_NAME = Project;
			};
			name = Debug;
		};
		E1DA93E41FC47E380058DD9B /* Release */ = {
			isa = XCBuildConfiguration;
			buildSettings = {
				INFOPLIST_FILE = ProjectUITests/Info.plist;
				LD_RUNPATH_SEARCH_PATHS = "$(inherited) @executable_path/Frameworks @loader_path/Frameworks";
				PRODUCT_BUNDLE_IDENTIFIER = uk.ac.leeds.ProjectUITests;
				PRODUCT_NAME = "$(TARGET_NAME)";
				TEST_TARGET_NAME = Project;
			};
			name = Release;
		};
/* End XCBuildConfiguration section */

/* Begin XCConfigurationList section */
		E1DA93A71FC47E380058DD9B /* Build configuration list for PBXProject "Project" */ = {
			isa = XCConfigurationList;
			buildConfigurations = (
				E1DA93DA1FC47E380058DD9B /* Debug */,
				E1DA93DB1FC47E380058DD9B /* Release */,
			);
			defaultConfigurationIsVisible = 0;
			defaultConfigurationName = Release;
		};
		E1DA93DC1FC47E380058DD9B /* Build configuration list for PBXNativeTarget "Project" */ = {
			isa = XCConfigurationList;
			buildConfigurations = (
				E1DA93DD1FC47E380058DD9B /* Debug */,
				E1DA93DE1FC47E380058DD9B /* Release */,
			);
			defaultConfigurationIsVisible = 0;
			defaultConfigurationName = Release;
		};
		E1DA93DF1FC47E380058DD9B /* Build configuration list for PBXNativeTarget "ProjectTests" */ = {
			isa = XCConfigurationList;
			buildConfigurations = (
				E1DA93E01FC47E380058DD9B /* Debug */,
				E1DA93E11FC47E380058DD9B /* Release */,
			);
			defaultConfigurationIsVisible = 0;
			defaultConfigurationName = Release;
		};
		E1DA93E21FC47E380058DD9B /* Build configuration list for PBXNativeTarget "ProjectUITests" */ = {
			isa = XCConfigurationList;
			buildConfigurations = (
				E1DA93E31FC47E380058DD9B /* Debug */,
				E1DA93E41FC47E380058DD9B /* Release */,
			);
			defaultConfigurationIsVisible = 0;
			defaultConfigurationName = Release;
		};
/* End XCConfigurationList section */
	};
	rootObject = E1DA93A41FC47E380058DD9B /* Project object */;
}
